{
  "nodes": {
    "d4": {
      "inputs": {
        "nixpkgs": [
          "nixpkgs"
        ]
      },
      "locked": {
        "lastModified": 1732816696,
        "narHash": "sha256-0NpWmv++ghW4aWMu2mC50k1068D1p5fDgXKD1i8GqUI=",
        "owner": "SoftVarE-Group",
        "repo": "d4v2",
        "rev": "63be2a89e3df3a174eeee7dbab6af3ff3d783704",
        "type": "github"
      },
      "original": {
        "owner": "SoftVarE-Group",
        "ref": "mt-kahypar",
        "repo": "d4v2",
        "type": "github"
      }
    },
    "nixpkgs": {
      "locked": {
        "lastModified": 1732350895,
        "narHash": "sha256-GcOQbOgmwlsRhpLGSwZJwLbo3pu9ochMETuRSS1xpz4=",
        "owner": "NixOS",
        "repo": "nixpkgs",
        "rev": "0c582677378f2d9ffcb01490af2f2c678dcb29d3",
        "type": "github"
      },
      "original": {
        "owner": "NixOS",
        "ref": "nixos-24.11",
        "repo": "nixpkgs",
        "type": "github"
      }
    },
    "root": {
      "inputs": {
        "d4": "d4",
        "nixpkgs": "nixpkgs"
      }
    }
  },
  "root": "root",
  "version": 7
}
