{
  "nodes": {
    "d4": {
      "inputs": {
        "nixpkgs": [
          "nixpkgs"
        ]
      },
      "locked": {
        "lastModified": 1733224044,
        "narHash": "sha256-EgjXDSIGgn7XDmM/6Uc/bSEYZCvrmRcpDO+xgf9q+xo=",
        "owner": "SoftVarE-Group",
        "repo": "d4v2",
        "rev": "95f3fb861b71b79bc48a1442b7f13020f475dae0",
        "type": "github"
      },
      "original": {
        "owner": "SoftVarE-Group",
        "ref": "2.0.0",
        "repo": "d4v2",
        "type": "github"
      }
    },
    "nixpkgs": {
      "locked": {
        "lastModified": 1740932899,
        "narHash": "sha256-F0qDu2egq18M3edJwEOAE+D+VQ+yESK6YWPRQBfOqq8=",
        "owner": "NixOS",
        "repo": "nixpkgs",
        "rev": "1546c45c538633ae40b93e2d14e0bb6fd8f13347",
        "type": "github"
      },
      "original": {
        "owner": "NixOS",
        "ref": "nixos-24.11",
        "repo": "nixpkgs",
        "type": "github"
      }
    },
    "root": {
      "inputs": {
        "d4": "d4",
        "nixpkgs": "nixpkgs"
      }
    }
  },
  "root": "root",
  "version": 7
}
