{
  "nodes": {
    "d4": {
      "inputs": {
        "nixpkgs": [
          "nixpkgs"
        ]
      },
      "locked": {
        "lastModified": 1750599201,
        "narHash": "sha256-ilwJHm741jpmsQw8/eXAfgeTKsm7MHfSRNV9+s9w0Fo=",
        "owner": "SoftVarE-Group",
        "repo": "d4v2",
        "rev": "f9de4ea349d4f1c2aebaacdcb7a8873c981e50b1",
        "type": "github"
      },
      "original": {
        "owner": "SoftVarE-Group",
        "ref": "2.3.0",
        "repo": "d4v2",
        "type": "github"
      }
    },
    "nixpkgs": {
      "locked": {
        "lastModified": 1750400657,
        "narHash": "sha256-3vkjFnxCOP6vm5Pm13wC/Zy6/VYgei/I/2DWgW4RFeA=",
        "owner": "NixOS",
        "repo": "nixpkgs",
        "rev": "b2485d56967598da068b5a6946dadda8bfcbcd37",
        "type": "github"
      },
      "original": {
        "owner": "NixOS",
        "ref": "nixos-25.05",
        "repo": "nixpkgs",
        "type": "github"
      }
    },
    "root": {
      "inputs": {
        "d4": "d4",
        "nixpkgs": "nixpkgs"
      }
    }
  },
  "root": "root",
  "version": 7
}
